
Microsoft Visual Studio Solution File, Format Version 12.00
# Visual Studio Version 17
VisualStudioVersion = 17.8.34525.116
MinimumVisualStudioVersion = 10.0.40219.1
Project("{9A19103F-16F7-4668-BE54-9A1E7A4F7556}") = "EmployeeCrudWithAPI", "EmployeeCrudWithAPI.csproj", "{442B196F-4272-4DC2-8C74-1AA14C4FE9CC}"
EndProject
Project("{FAE04EC0-301F-11D3-BF4B-00C04F79EFBC}") = "ConsumeAPI", "..\EmployeeCrudMVC\ConsumeAPI.csproj", "{2169BDFD-35F8-4823-98F1-12B1A984A43D}"
EndProject
Global
	GlobalSection(SolutionConfigurationPlatforms) = preSolution
		Debug|Any CPU = Debug|Any CPU
		Release|Any CPU = Release|Any CPU
	EndGlobalSection
	GlobalSection(ProjectConfigurationPlatforms) = postSolution
		{442B196F-4272-4DC2-8C74-1AA14C4FE9CC}.Debug|Any CPU.ActiveCfg = Debug|Any CPU
		{442B196F-4272-4DC2-8C74-1AA14C4FE9CC}.Debug|Any CPU.Build.0 = Debug|Any CPU
		{442B196F-4272-4DC2-8C74-1AA14C4FE9CC}.Release|Any CPU.ActiveCfg = Release|Any CPU
		{442B196F-4272-4DC2-8C74-1AA14C4FE9CC}.Release|Any CPU.Build.0 = Release|Any CPU
		{2169BDFD-35F8-4823-98F1-12B1A984A43D}.Debug|Any CPU.ActiveCfg = Debug|Any CPU
		{2169BDFD-35F8-4823-98F1-12B1A984A43D}.Debug|Any CPU.Build.0 = Debug|Any CPU
		{2169BDFD-35F8-4823-98F1-12B1A984A43D}.Release|Any CPU.ActiveCfg = Release|Any CPU
		{2169BDFD-35F8-4823-98F1-12B1A984A43D}.Release|Any CPU.Build.0 = Release|Any CPU
	EndGlobalSection
	GlobalSection(SolutionProperties) = preSolution
		HideSolutionNode = FALSE
	EndGlobalSection
	GlobalSection(ExtensibilityGlobals) = postSolution
		SolutionGuid = {93C0FBE0-F82D-4831-BFB8-E779BB7DE8CB}
	EndGlobalSection
EndGlobal
